{
  "name": "BiochemicalVisualization.jl",
  "lockfileVersion": 3,
  "requires": true,
  "packages": {
    "": {
      "dependencies": {
        "@babylonjs/gui": "^7.54.0"
      }
    },
    "node_modules/@babylonjs/core": {
      "version": "7.54.0",
      "resolved": "https://registry.npmjs.org/@babylonjs/core/-/core-7.54.0.tgz",
      "integrity": "sha512-K9NvHkmJD42/x1X8ZrFbLfwR/j3S4wdrpWrPDVNjS7+kDb4KKgqRDnmXHnigAPh5ddxJT+6DbtLyRmlzdQUZug==",
      "license": "Apache-2.0",
      "peer": true
    },
    "node_modules/@babylonjs/gui": {
      "version": "7.54.0",
      "resolved": "https://registry.npmjs.org/@babylonjs/gui/-/gui-7.54.0.tgz",
      "integrity": "sha512-+i6VOcj+QX7TFuPz1kLEnWPzLlFjm2E2sr5QPLioWLxRvGew06EoAS2HsWj5ZGmmAFIFswiOPV3cXt/w7Ff37A==",
      "license": "Apache-2.0",
      "peerDependencies": {
        "@babylonjs/core": "^7.0.0"
      }
    }
  }
}
